
Microsoft Visual Studio Solution File, Format Version 12.00
# Visual Studio Version 16
VisualStudioVersion = 16.0.31321.278
MinimumVisualStudioVersion = 10.0.40219.1
Project("{FAE04EC0-301F-11D3-BF4B-00C04F79EFBC}") = "Booking_App", "Booking_App.csproj", "{B0A5919D-7845-4636-AB5D-64DD5DB49489}"
EndProject
Global
	GlobalSection(SolutionConfigurationPlatforms) = preSolution
		Debug|Any CPU = Debug|Any CPU
		Release|Any CPU = Release|Any CPU
	EndGlobalSection
	GlobalSection(ProjectConfigurationPlatforms) = postSolution
		{B0A5919D-7845-4636-AB5D-64DD5DB49489}.Debug|Any CPU.ActiveCfg = Debug|Any CPU
		{B0A5919D-7845-4636-AB5D-64DD5DB49489}.Debug|Any CPU.Build.0 = Debug|Any CPU
		{B0A5919D-7845-4636-AB5D-64DD5DB49489}.Release|Any CPU.ActiveCfg = Release|Any CPU
		{B0A5919D-7845-4636-AB5D-64DD5DB49489}.Release|Any CPU.Build.0 = Release|Any CPU
	EndGlobalSection
	GlobalSection(SolutionProperties) = preSolution
		HideSolutionNode = FALSE
	EndGlobalSection
	GlobalSection(ExtensibilityGlobals) = postSolution
		SolutionGuid = {7400113B-5A6B-41D3-8C76-B56894D27D41}
	EndGlobalSection
EndGlobal
